
Microsoft Visual Studio Solution File, Format Version 12.00
# Visual Studio 14
VisualStudioVersion = 14.0.23107.0
MinimumVisualStudioVersion = 10.0.40219.1
Project("{FAE04EC0-301F-11D3-BF4B-00C04F79EFBC}") = "Extract", "Extract\Extract.csproj", "{4CF9A39A-E441-4CCF-9990-46A0D11317B3}"
EndProject
Global
	GlobalSection(SolutionConfigurationPlatforms) = preSolution
		Debug|Any CPU = Debug|Any CPU
		Release|Any CPU = Release|Any CPU
	EndGlobalSection
	GlobalSection(ProjectConfigurationPlatforms) = postSolution
		{4CF9A39A-E441-4CCF-9990-46A0D11317B3}.Debug|Any CPU.ActiveCfg = Debug|Any CPU
		{4CF9A39A-E441-4CCF-9990-46A0D11317B3}.Debug|Any CPU.Build.0 = Debug|Any CPU
		{4CF9A39A-E441-4CCF-9990-46A0D11317B3}.Release|Any CPU.ActiveCfg = Release|Any CPU
		{4CF9A39A-E441-4CCF-9990-46A0D11317B3}.Release|Any CPU.Build.0 = Release|Any CPU
	EndGlobalSection
	GlobalSection(SolutionProperties) = preSolution
		HideSolutionNode = FALSE
	EndGlobalSection
EndGlobal
